// !$*UTF8*$!
{
	archiveVersion = 1;
	classes = {
	};
	objectVersion = 50;
	objects = {

/* Begin PBXBuildFile section */
		2727F51423A095610012FF7F /* Main.storyboard in Resources */ = {isa = PBXBuildFile; fileRef = 2727F51223A095610012FF7F /* Main.storyboard */; };
		2727F51623A095630012FF7F /* Assets.xcassets in Resources */ = {isa = PBXBuildFile; fileRef = 2727F51523A095630012FF7F /* Assets.xcassets */; };
		2727F51923A095630012FF7F /* LaunchScreen.storyboard in Resources */ = {isa = PBXBuildFile; fileRef = 2727F51723A095630012FF7F /* LaunchScreen.storyboard */; };
		2727F51C23A095630012FF7F /* main.m in Sources */ = {isa = PBXBuildFile; fileRef = 2727F51B23A095630012FF7F /* main.m */; };
		2727F52423A0958C0012FF7F /* animal.m in Sources */ = {isa = PBXBuildFile; fileRef = 2727F52323A0958C0012FF7F /* animal.m */; };
		2727F52723A096DC0012FF7F /* fish.m in Sources */ = {isa = PBXBuildFile; fileRef = 2727F52623A096DC0012FF7F /* fish.m */; };
		2727F52A23A0976B0012FF7F /* rabbit.m in Sources */ = {isa = PBXBuildFile; fileRef = 2727F52923A0976B0012FF7F /* rabbit.m */; };
		2727F52D23A0982C0012FF7F /* bird.m in Sources */ = {isa = PBXBuildFile; fileRef = 2727F52C23A0982C0012FF7F /* bird.m */; };
/* End PBXBuildFile section */

/* Begin PBXFileReference section */
		2727F50623A095610012FF7F /* test3.app */ = {isa = PBXFileReference; explicitFileType = wrapper.application; includeInIndex = 0; path = test3.app; sourceTree = BUILT_PRODUCTS_DIR; };
		2727F51323A095610012FF7F /* Base */ = {isa = PBXFileReference; lastKnownFileType = file.storyboard; name = Base; path = Base.lproj/Main.storyboard; sourceTree = "<group>"; };
		2727F51523A095630012FF7F /* Assets.xcassets */ = {isa = PBXFileReference; lastKnownFileType = folder.assetcatalog; path = Assets.xcassets; sourceTree = "<group>"; };
		2727F51823A095630012FF7F /* Base */ = {isa = PBXFileReference; lastKnownFileType = file.storyboard; name = Base; path = Base.lproj/LaunchScreen.storyboard; sourceTree = "<group>"; };
		2727F51A23A095630012FF7F /* Info.plist */ = {isa = PBXFileReference; lastKnownFileType = text.plist.xml; path = Info.plist; sourceTree = "<group>"; };
		2727F51B23A095630012FF7F /* main.m */ = {isa = PBXFileReference; lastKnownFileType = sourcecode.c.objc; path = main.m; sourceTree = "<group>"; };
		2727F52223A0958C0012FF7F /* animal.h */ = {isa = PBXFileReference; lastKnownFileType = sourcecode.c.h; path = animal.h; sourceTree = "<group>"; };
		2727F52323A0958C0012FF7F /* animal.m */ = {isa = PBXFileReference; lastKnownFileType = sourcecode.c.objc; path = animal.m; sourceTree = "<group>"; };
		2727F52523A096DC0012FF7F /* fish.h */ = {isa = PBXFileReference; lastKnownFileType = sourcecode.c.h; path = fish.h; sourceTree = "<group>"; };
		2727F52623A096DC0012FF7F /* fish.m */ = {isa = PBXFileReference; lastKnownFileType = sourcecode.c.objc; path = fish.m; sourceTree = "<group>"; };
		2727F52823A0976B0012FF7F /* rabbit.h */ = {isa = PBXFileReference; lastKnownFileType = sourcecode.c.h; path = rabbit.h; sourceTree = "<group>"; };
		2727F52923A0976B0012FF7F /* rabbit.m */ = {isa = PBXFileReference; lastKnownFileType = sourcecode.c.objc; path = rabbit.m; sourceTree = "<group>"; };
		2727F52B23A0982C0012FF7F /* bird.h */ = {isa = PBXFileReference; lastKnownFileType = sourcecode.c.h; path = bird.h; sourceTree = "<group>"; };
		2727F52C23A0982C0012FF7F /* bird.m */ = {isa = PBXFileReference; lastKnownFileType = sourcecode.c.objc; path = bird.m; sourceTree = "<group>"; };
/* End PBXFileReference section */

/* Begin PBXFrameworksBuildPhase section */
		2727F50323A095610012FF7F /* Frameworks */ = {
			isa = PBXFrameworksBuildPhase;
			buildActionMask = 2147483647;
			files = (
			);
			runOnlyForDeploymentPostprocessing = 0;
		};
/* End PBXFrameworksBuildPhase section */

/* Begin PBXGroup section */
		2727F4FD23A095610012FF7F = {
			isa = PBXGroup;
			children = (
				2727F50823A095610012FF7F /* test3 */,
				2727F50723A095610012FF7F /* Products */,
			);
			sourceTree = "<group>";
		};
		2727F50723A095610012FF7F /* Products */ = {
			isa = PBXGroup;
			children = (
				2727F50623A095610012FF7F /* test3.app */,
			);
			name = Products;
			sourceTree = "<group>";
		};
		2727F50823A095610012FF7F /* test3 */ = {
			isa = PBXGroup;
			children = (
				2727F51223A095610012FF7F /* Main.storyboard */,
				2727F51523A095630012FF7F /* Assets.xcassets */,
				2727F51723A095630012FF7F /* LaunchScreen.storyboard */,
				2727F51A23A095630012FF7F /* Info.plist */,
				2727F51B23A095630012FF7F /* main.m */,
				2727F52223A0958C0012FF7F /* animal.h */,
				2727F52323A0958C0012FF7F /* animal.m */,
				2727F52523A096DC0012FF7F /* fish.h */,
				2727F52623A096DC0012FF7F /* fish.m */,
				2727F52823A0976B0012FF7F /* rabbit.h */,
				2727F52923A0976B0012FF7F /* rabbit.m */,
				2727F52B23A0982C0012FF7F /* bird.h */,
				2727F52C23A0982C0012FF7F /* bird.m */,
			);
			path = test3;
			sourceTree = "<group>";
		};
/* End PBXGroup section */

/* Begin PBXNativeTarget section */
		2727F50523A095610012FF7F /* test3 */ = {
			isa = PBXNativeTarget;
			buildConfigurationList = 2727F51F23A095630012FF7F /* Build configuration list for PBXNativeTarget "test3" */;
			buildPhases = (
				2727F50223A095610012FF7F /* Sources */,
				2727F50323A095610012FF7F /* Frameworks */,
				2727F50423A095610012FF7F /* Resources */,
			);
			buildRules = (
			);
			dependencies = (
			);
			name = test3;
			productName = test3;
			productReference = 2727F50623A095610012FF7F /* test3.app */;
			productType = "com.apple.product-type.application";
		};
/* End PBXNativeTarget section */

/* Begin PBXProject section */
		2727F4FE23A095610012FF7F /* Project object */ = {
			isa = PBXProject;
			attributes = {
				LastUpgradeCheck = 1130;
				ORGANIZATIONNAME = fengzhengtao;
				TargetAttributes = {
					2727F50523A095610012FF7F = {
						CreatedOnToolsVersion = 11.3;
					};
				};
			};
			buildConfigurationList = 2727F50123A095610012FF7F /* Build configuration list for PBXProject "test3" */;
			compatibilityVersion = "Xcode 9.3";
			developmentRegion = en;
			hasScannedForEncodings = 0;
			knownRegions = (
				en,
				Base,
			);
			mainGroup = 2727F4FD23A095610012FF7F;
			productRefGroup = 2727F50723A095610012FF7F /* Products */;
			projectDirPath = "";
			projectRoot = "";
			targets = (
				2727F50523A095610012FF7F /* test3 */,
			);
		};
/* End PBXProject section */

/* Begin PBXResourcesBuildPhase section */
		2727F50423A095610012FF7F /* Resources */ = {
			isa = PBXResourcesBuildPhase;
			buildActionMask = 2147483647;
			files = (
				2727F51923A095630012FF7F /* LaunchScreen.storyboard in Resources */,
				2727F51623A095630012FF7F /* Assets.xcassets in Resources */,
				2727F51423A095610012FF7F /* Main.storyboard in Resources */,
			);
			runOnlyForDeploymentPostprocessing = 0;
		};
/* End PBXResourcesBuildPhase section */

/* Begin PBXSourcesBuildPhase section */
		2727F50223A095610012FF7F /* Sources */ = {
			isa = PBXSourcesBuildPhase;
			buildActionMask = 2147483647;
			files = (
				2727F52D23A0982C0012FF7F /* bird.m in Sources */,
				2727F51C23A095630012FF7F /* main.m in Sources */,
				2727F52423A0958C0012FF7F /* animal.m in Sources */,
				2727F52723A096DC0012FF7F /* fish.m in Sources */,
				2727F52A23A0976B0012FF7F /* rabbit.m in Sources */,
			);
			runOnlyForDeploymentPostprocessing = 0;
		};
/* End PBXSourcesBuildPhase section */

/* Begin PBXVariantGroup section */
		2727F51223A095610012FF7F /* Main.storyboard */ = {
			isa = PBXVariantGroup;
			children = (
				2727F51323A095610012FF7F /* Base */,
			);
			name = Main.storyboard;
			sourceTree = "<group>";
		};
		2727F51723A095630012FF7F /* LaunchScreen.storyboard */ = {
			isa = PBXVariantGroup;
			children = (
				2727F51823A095630012FF7F /* Base */,
			);
			name = LaunchScreen.storyboard;
			sourceTree = "<group>";
		};
/* End PBXVariantGroup section */

/* Begin XCBuildConfiguration section */
		2727F51D23A095630012FF7F /* Debug */ = {
			isa = XCBuildConfiguration;
			buildSettings = {
				ALWAYS_SEARCH_USER_PATHS = NO;
				CLANG_ANALYZER_NONNULL = YES;
				CLANG_ANALYZER_NUMBER_OBJECT_CONVERSION = YES_AGGRESSIVE;
				CLANG_CXX_LANGUAGE_STANDARD = "gnu++14";
				CLANG_CXX_LIBRARY = "libc++";
				CLANG_ENABLE_MODULES = YES;
				CLANG_ENABLE_OBJC_ARC = YES;
				CLANG_ENABLE_OBJC_WEAK = YES;
				CLANG_WARN_BLOCK_CAPTURE_AUTORELEASING = YES;
				CLANG_WARN_BOOL_CONVERSION = YES;
				CLANG_WARN_COMMA = YES;
				CLANG_WARN_CONSTANT_CONVERSION = YES;
				CLANG_WARN_DEPRECATED_OBJC_IMPLEMENTATIONS = YES;
				CLANG_WARN_DIRECT_OBJC_ISA_USAGE = YES_ERROR;
				CLANG_WARN_DOCUMENTATION_COMMENTS = YES;
				CLANG_WARN_EMPTY_BODY = YES;
				CLANG_WARN_ENUM_CONVERSION = YES;
				CLANG_WARN_INFINITE_RECURSION = YES;
				CLANG_WARN_INT_CONVERSION = YES;
				CLANG_WARN_NON_LITERAL_NULL_CONVERSION = YES;
				CLANG_WARN_OBJC_IMPLICIT_RETAIN_SELF = YES;
				CLANG_WARN_OBJC_LITERAL_CONVERSION = YES;
				CLANG_WARN_OBJC_ROOT_CLASS = YES_ERROR;
				CLANG_WARN_RANGE_LOOP_ANALYSIS = YES;
				CLANG_WARN_STRICT_PROTOTYPES = YES;
				CLANG_WARN_SUSPICIOUS_MOVE = YES;
				CLANG_WARN_UNGUARDED_AVAILABILITY = YES_AGGRESSIVE;
				CLANG_WARN_UNREACHABLE_CODE = YES;
				CLANG_WARN__DUPLICATE_METHOD_MATCH = YES;
				COPY_PHASE_STRIP = NO;
				DEBUG_INFORMATION_FORMAT = dwarf;
				ENABLE_STRICT_OBJC_MSGSEND = YES;
				ENABLE_TESTABILITY = YES;
				GCC_C_LANGUAGE_STANDARD = gnu11;
				GCC_DYNAMIC_NO_PIC = NO;
				GCC_NO_COMMON_BLOCKS = YES;
				GCC_OPTIMIZATION_LEVEL = 0;
				GCC_PREPROCESSOR_DEFINITIONS = (
					"DEBUG=1",
					"$(inherited)",
				);
				GCC_WARN_64_TO_32_BIT_CONVERSION = YES;
				GCC_WARN_ABOUT_RETURN_TYPE = YES_ERROR;
				GCC_WARN_UNDECLARED_SELECTOR = YES;
				GCC_WARN_UNINITIALIZED_AUTOS = YES_AGGRESSIVE;
				GCC_WARN_UNUSED_FUNCTION = YES;
				GCC_WARN_UNUSED_VARIABLE = YES;
				IPHONEOS_DEPLOYMENT_TARGET = 13.2;
				MTL_ENABLE_DEBUG_INFO = INCLUDE_SOURCE;
				MTL_FAST_MATH = YES;
				ONLY_ACTIVE_ARCH = YES;
				SDKROOT = iphoneos;
			};
			name = Debug;
		};
		2727F51E23A095630012FF7F /* Release */ = {
			isa = XCBuildConfiguration;
			buildSettings = {
				ALWAYS_SEARCH_USER_PATHS = NO;
				CLANG_ANALYZER_NONNULL = YES;
				CLANG_ANALYZER_NUMBER_OBJECT_CONVERSION = YES_AGGRESSIVE;
				CLANG_CXX_LANGUAGE_STANDARD = "gnu++14";
				CLANG_CXX_LIBRARY = "libc++";
				CLANG_ENABLE_MODULES = YES;
				CLANG_ENABLE_OBJC_ARC = YES;
				CLANG_ENABLE_OBJC_WEAK = YES;
				CLANG_WARN_BLOCK_CAPTURE_AUTORELEASING = YES;
				CLANG_WARN_BOOL_CONVERSION = YES;
				CLANG_WARN_COMMA = YES;
				CLANG_WARN_CONSTANT_CONVERSION = YES;
				CLANG_WARN_DEPRECATED_OBJC_IMPLEMENTATIONS = YES;
				CLANG_WARN_DIRECT_OBJC_ISA_USAGE = YES_ERROR;
				CLANG_WARN_DOCUMENTATION_COMMENTS = YES;
				CLANG_WARN_EMPTY_BODY = YES;
				CLANG_WARN_ENUM_CONVERSION = YES;
				CLANG_WARN_INFINITE_RECURSION = YES;
				CLANG_WARN_INT_CONVERSION = YES;
				CLANG_WARN_NON_LITERAL_NULL_CONVERSION = YES;
				CLANG_WARN_OBJC_IMPLICIT_RETAIN_SELF = YES;
				CLANG_WARN_OBJC_LITERAL_CONVERSION = YES;
				CLANG_WARN_OBJC_ROOT_CLASS = YES_ERROR;
				CLANG_WARN_RANGE_LOOP_ANALYSIS = YES;
				CLANG_WARN_STRICT_PROTOTYPES = YES;
				CLANG_WARN_SUSPICIOUS_MOVE = YES;
				CLANG_WARN_UNGUARDED_AVAILABILITY = YES_AGGRESSIVE;
				CLANG_WARN_UNREACHABLE_CODE = YES;
				CLANG_WARN__DUPLICATE_METHOD_MATCH = YES;
				COPY_PHASE_STRIP = NO;
				DEBUG_INFORMATION_FORMAT = "dwarf-with-dsym";
				ENABLE_NS_ASSERTIONS = NO;
				ENABLE_STRICT_OBJC_MSGSEND = YES;
				GCC_C_LANGUAGE_STANDARD = gnu11;
				GCC_NO_COMMON_BLOCKS = YES;
				GCC_WARN_64_TO_32_BIT_CONVERSION = YES;
				GCC_WARN_ABOUT_RETURN_TYPE = YES_ERROR;
				GCC_WARN_UNDECLARED_SELECTOR = YES;
				GCC_WARN_UNINITIALIZED_AUTOS = YES_AGGRESSIVE;
				GCC_WARN_UNUSED_FUNCTION = YES;
				GCC_WARN_UNUSED_VARIABLE = YES;
				IPHONEOS_DEPLOYMENT_TARGET = 13.2;
				MTL_ENABLE_DEBUG_INFO = NO;
				MTL_FAST_MATH = YES;
				SDKROOT = iphoneos;
				VALIDATE_PRODUCT = YES;
			};
			name = Release;
		};
		2727F52023A095630012FF7F /* Debug */ = {
			isa = XCBuildConfiguration;
			buildSettings = {
				ASSETCATALOG_COMPILER_APPICON_NAME = AppIcon;
				CODE_SIGN_STYLE = Automatic;
				INFOPLIST_FILE = test3/Info.plist;
				LD_RUNPATH_SEARCH_PATHS = (
					"$(inherited)",
					"@executable_path/Frameworks",
				);
				PRODUCT_BUNDLE_IDENTIFIER = test.test3;
				PRODUCT_NAME = "$(TARGET_NAME)";
				TARGETED_DEVICE_FAMILY = "1,2";
			};
			name = Debug;
		};
		2727F52123A095630012FF7F /* Release */ = {
			isa = XCBuildConfiguration;
			buildSettings = {
				ASSETCATALOG_COMPILER_APPICON_NAME = AppIcon;
				CODE_SIGN_STYLE = Automatic;
				INFOPLIST_FILE = test3/Info.plist;
				LD_RUNPATH_SEARCH_PATHS = (
					"$(inherited)",
					"@executable_path/Frameworks",
				);
				PRODUCT_BUNDLE_IDENTIFIER = test.test3;
				PRODUCT_NAME = "$(TARGET_NAME)";
				TARGETED_DEVICE_FAMILY = "1,2";
			};
			name = Release;
		};
/* End XCBuildConfiguration section */

/* Begin XCConfigurationList section */
		2727F50123A095610012FF7F /* Build configuration list for PBXProject "test3" */ = {
			isa = XCConfigurationList;
			buildConfigurations = (
				2727F51D23A095630012FF7F /* Debug */,
				2727F51E23A095630012FF7F /* Release */,
			);
			defaultConfigurationIsVisible = 0;
			defaultConfigurationName = Release;
		};
		2727F51F23A095630012FF7F /* Build configuration list for PBXNativeTarget "test3" */ = {
			isa = XCConfigurationList;
			buildConfigurations = (
				2727F52023A095630012FF7F /* Debug */,
				2727F52123A095630012FF7F /* Release */,
			);
			defaultConfigurationIsVisible = 0;
			defaultConfigurationName = Release;
		};
/* End XCConfigurationList section */
	};
	rootObject = 2727F4FE23A095610012FF7F /* Project object */;
}
